// !$*UTF8*$!
{
	archiveVersion = 1;
	classes = {
	};
	objectVersion = 77;
	objects = {

/* Begin PBXBuildFile section */
		292441D22D9A8F6700916A81 /* Domain in Frameworks */ = {isa = PBXBuildFile; productRef = 292441D12D9A8F6700916A81 /* Domain */; };
		292441D42D9A8F6700916A81 /* Composition in Frameworks */ = {isa = PBXBuildFile; productRef = 292441D32D9A8F6700916A81 /* Composition */; };
		29CA9CFB2D99B898005E473C /* Domain in Frameworks */ = {isa = PBXBuildFile; productRef = 29CA9CFA2D99B898005E473C /* Domain */; };
		29CA9CFD2D99B8A8005E473C /* Composition in Frameworks */ = {isa = PBXBuildFile; productRef = 29CA9CFC2D99B8A8005E473C /* Composition */; };
		29CA9D002D99B8CA005E473C /* Composition in Frameworks */ = {isa = PBXBuildFile; productRef = 29CA9CFF2D99B8CA005E473C /* Composition */; };
		29CA9D1C2D99C375005E473C /* Kingfisher in Frameworks */ = {isa = PBXBuildFile; productRef = 29CA9D1B2D99C375005E473C /* Kingfisher */; };
/* End PBXBuildFile section */

/* Begin PBXContainerItemProxy section */
		29CA9CDD2D99B87F005E473C /* PBXContainerItemProxy */ = {
			isa = PBXContainerItemProxy;
			containerPortal = 29CA9CC42D99B87E005E473C /* Project object */;
			proxyType = 1;
			remoteGlobalIDString = 29CA9CCB2D99B87E005E473C;
			remoteInfo = Marvel;
		};
		29CA9CE72D99B87F005E473C /* PBXContainerItemProxy */ = {
			isa = PBXContainerItemProxy;
			containerPortal = 29CA9CC42D99B87E005E473C /* Project object */;
			proxyType = 1;
			remoteGlobalIDString = 29CA9CCB2D99B87E005E473C;
			remoteInfo = Marvel;
		};
/* End PBXContainerItemProxy section */

/* Begin PBXFileReference section */
		29CA9CCC2D99B87E005E473C /* Marvel.app */ = {isa = PBXFileReference; explicitFileType = wrapper.application; includeInIndex = 0; path = Marvel.app; sourceTree = BUILT_PRODUCTS_DIR; };
		29CA9CDC2D99B87F005E473C /* MarvelTests.xctest */ = {isa = PBXFileReference; explicitFileType = wrapper.cfbundle; includeInIndex = 0; path = MarvelTests.xctest; sourceTree = BUILT_PRODUCTS_DIR; };
		29CA9CE62D99B87F005E473C /* MarvelUITests.xctest */ = {isa = PBXFileReference; explicitFileType = wrapper.cfbundle; includeInIndex = 0; path = MarvelUITests.xctest; sourceTree = BUILT_PRODUCTS_DIR; };
/* End PBXFileReference section */

/* Begin PBXFileSystemSynchronizedBuildFileExceptionSet section */
		29CA9D1E2D99C4DE005E473C /* Exceptions for "Marvel" folder in "Marvel" target */ = {
			isa = PBXFileSystemSynchronizedBuildFileExceptionSet;
			membershipExceptions = (
				Info.plist,
			);
			target = 29CA9CCB2D99B87E005E473C /* Marvel */;
		};
/* End PBXFileSystemSynchronizedBuildFileExceptionSet section */

/* Begin PBXFileSystemSynchronizedRootGroup section */
		29CA9CCE2D99B87E005E473C /* Marvel */ = {
			isa = PBXFileSystemSynchronizedRootGroup;
			exceptions = (
				29CA9D1E2D99C4DE005E473C /* Exceptions for "Marvel" folder in "Marvel" target */,
			);
			path = Marvel;
			sourceTree = "<group>";
		};
		29CA9CDF2D99B87F005E473C /* MarvelTests */ = {
			isa = PBXFileSystemSynchronizedRootGroup;
			path = MarvelTests;
			sourceTree = "<group>";
		};
		29CA9CE92D99B87F005E473C /* MarvelUITests */ = {
			isa = PBXFileSystemSynchronizedRootGroup;
			path = MarvelUITests;
			sourceTree = "<group>";
		};
/* End PBXFileSystemSynchronizedRootGroup section */

/* Begin PBXFrameworksBuildPhase section */
		29CA9CC92D99B87E005E473C /* Frameworks */ = {
			isa = PBXFrameworksBuildPhase;
			buildActionMask = 2147483647;
			files = (
				29CA9D1C2D99C375005E473C /* Kingfisher in Frameworks */,
				29CA9D002D99B8CA005E473C /* Composition in Frameworks */,
				29CA9CFB2D99B898005E473C /* Domain in Frameworks */,
				29CA9CFD2D99B8A8005E473C /* Composition in Frameworks */,
			);
			runOnlyForDeploymentPostprocessing = 0;
		};
		29CA9CD92D99B87F005E473C /* Frameworks */ = {
			isa = PBXFrameworksBuildPhase;
			buildActionMask = 2147483647;
			files = (
				292441D22D9A8F6700916A81 /* Domain in Frameworks */,
				292441D42D9A8F6700916A81 /* Composition in Frameworks */,
			);
			runOnlyForDeploymentPostprocessing = 0;
		};
		29CA9CE32D99B87F005E473C /* Frameworks */ = {
			isa = PBXFrameworksBuildPhase;
			buildActionMask = 2147483647;
			files = (
			);
			runOnlyForDeploymentPostprocessing = 0;
		};
/* End PBXFrameworksBuildPhase section */

/* Begin PBXGroup section */
		292441D02D9A8F6700916A81 /* Frameworks */ = {
			isa = PBXGroup;
			children = (
			);
			name = Frameworks;
			sourceTree = "<group>";
		};
		29CA9CC32D99B87E005E473C = {
			isa = PBXGroup;
			children = (
				29CA9CCE2D99B87E005E473C /* Marvel */,
				29CA9CDF2D99B87F005E473C /* MarvelTests */,
				29CA9CE92D99B87F005E473C /* MarvelUITests */,
				292441D02D9A8F6700916A81 /* Frameworks */,
				29CA9CCD2D99B87E005E473C /* Products */,
			);
			sourceTree = "<group>";
		};
		29CA9CCD2D99B87E005E473C /* Products */ = {
			isa = PBXGroup;
			children = (
				29CA9CCC2D99B87E005E473C /* Marvel.app */,
				29CA9CDC2D99B87F005E473C /* MarvelTests.xctest */,
				29CA9CE62D99B87F005E473C /* MarvelUITests.xctest */,
			);
			name = Products;
			sourceTree = "<group>";
		};
/* End PBXGroup section */

/* Begin PBXNativeTarget section */
		29CA9CCB2D99B87E005E473C /* Marvel */ = {
			isa = PBXNativeTarget;
			buildConfigurationList = 29CA9CF02D99B87F005E473C /* Build configuration list for PBXNativeTarget "Marvel" */;
			buildPhases = (
				29CA9CC82D99B87E005E473C /* Sources */,
				29CA9CC92D99B87E005E473C /* Frameworks */,
				29CA9CCA2D99B87E005E473C /* Resources */,
			);
			buildRules = (
			);
			dependencies = (
			);
			fileSystemSynchronizedGroups = (
				29CA9CCE2D99B87E005E473C /* Marvel */,
			);
			name = Marvel;
			packageProductDependencies = (
				29CA9CFA2D99B898005E473C /* Domain */,
				29CA9CFC2D99B8A8005E473C /* Composition */,
				29CA9CFF2D99B8CA005E473C /* Composition */,
				29CA9D1B2D99C375005E473C /* Kingfisher */,
			);
			productName = Marvel;
			productReference = 29CA9CCC2D99B87E005E473C /* Marvel.app */;
			productType = "com.apple.product-type.application";
		};
		29CA9CDB2D99B87F005E473C /* MarvelTests */ = {
			isa = PBXNativeTarget;
			buildConfigurationList = 29CA9CF32D99B87F005E473C /* Build configuration list for PBXNativeTarget "MarvelTests" */;
			buildPhases = (
				29CA9CD82D99B87F005E473C /* Sources */,
				29CA9CD92D99B87F005E473C /* Frameworks */,
				29CA9CDA2D99B87F005E473C /* Resources */,
			);
			buildRules = (
			);
			dependencies = (
				29CA9CDE2D99B87F005E473C /* PBXTargetDependency */,
			);
			fileSystemSynchronizedGroups = (
				29CA9CDF2D99B87F005E473C /* MarvelTests */,
			);
			name = MarvelTests;
			packageProductDependencies = (
				292441D12D9A8F6700916A81 /* Domain */,
				292441D32D9A8F6700916A81 /* Composition */,
			);
			productName = MarvelTests;
			productReference = 29CA9CDC2D99B87F005E473C /* MarvelTests.xctest */;
			productType = "com.apple.product-type.bundle.unit-test";
		};
		29CA9CE52D99B87F005E473C /* MarvelUITests */ = {
			isa = PBXNativeTarget;
			buildConfigurationList = 29CA9CF62D99B87F005E473C /* Build configuration list for PBXNativeTarget "MarvelUITests" */;
			buildPhases = (
				29CA9CE22D99B87F005E473C /* Sources */,
				29CA9CE32D99B87F005E473C /* Frameworks */,
				29CA9CE42D99B87F005E473C /* Resources */,
			);
			buildRules = (
			);
			dependencies = (
				29CA9CE82D99B87F005E473C /* PBXTargetDependency */,
			);
			fileSystemSynchronizedGroups = (
				29CA9CE92D99B87F005E473C /* MarvelUITests */,
			);
			name = MarvelUITests;
			packageProductDependencies = (
			);
			productName = MarvelUITests;
			productReference = 29CA9CE62D99B87F005E473C /* MarvelUITests.xctest */;
			productType = "com.apple.product-type.bundle.ui-testing";
		};
/* End PBXNativeTarget section */

/* Begin PBXProject section */
		29CA9CC42D99B87E005E473C /* Project object */ = {
			isa = PBXProject;
			attributes = {
				BuildIndependentTargetsInParallel = 1;
				LastSwiftUpdateCheck = 1620;
				LastUpgradeCheck = 1620;
				TargetAttributes = {
					29CA9CCB2D99B87E005E473C = {
						CreatedOnToolsVersion = 16.2;
					};
					29CA9CDB2D99B87F005E473C = {
						CreatedOnToolsVersion = 16.2;
						TestTargetID = 29CA9CCB2D99B87E005E473C;
					};
					29CA9CE52D99B87F005E473C = {
						CreatedOnToolsVersion = 16.2;
						TestTargetID = 29CA9CCB2D99B87E005E473C;
					};
				};
			};
			buildConfigurationList = 29CA9CC72D99B87E005E473C /* Build configuration list for PBXProject "Marvel" */;
			developmentRegion = en;
			hasScannedForEncodings = 0;
			knownRegions = (
				en,
				Base,
			);
			mainGroup = 29CA9CC32D99B87E005E473C;
			minimizedProjectReferenceProxies = 1;
			packageReferences = (
				29CA9CF92D99B898005E473C /* XCLocalSwiftPackageReference "../Packages/Domain" */,
				29CA9CFE2D99B8CA005E473C /* XCLocalSwiftPackageReference "../Packages/Composition" */,
				29CA9D1A2D99C375005E473C /* XCRemoteSwiftPackageReference "Kingfisher" */,
			);
			preferredProjectObjectVersion = 77;
			productRefGroup = 29CA9CCD2D99B87E005E473C /* Products */;
			projectDirPath = "";
			projectRoot = "";
			targets = (
				29CA9CCB2D99B87E005E473C /* Marvel */,
				29CA9CDB2D99B87F005E473C /* MarvelTests */,
				29CA9CE52D99B87F005E473C /* MarvelUITests */,
			);
		};
/* End PBXProject section */

/* Begin PBXResourcesBuildPhase section */
		29CA9CCA2D99B87E005E473C /* Resources */ = {
			isa = PBXResourcesBuildPhase;
			buildActionMask = 2147483647;
			files = (
			);
			runOnlyForDeploymentPostprocessing = 0;
		};
		29CA9CDA2D99B87F005E473C /* Resources */ = {
			isa = PBXResourcesBuildPhase;
			buildActionMask = 2147483647;
			files = (
			);
			runOnlyForDeploymentPostprocessing = 0;
		};
		29CA9CE42D99B87F005E473C /* Resources */ = {
			isa = PBXResourcesBuildPhase;
			buildActionMask = 2147483647;
			files = (
			);
			runOnlyForDeploymentPostprocessing = 0;
		};
/* End PBXResourcesBuildPhase section */

/* Begin PBXSourcesBuildPhase section */
		29CA9CC82D99B87E005E473C /* Sources */ = {
			isa = PBXSourcesBuildPhase;
			buildActionMask = 2147483647;
			files = (
			);
			runOnlyForDeploymentPostprocessing = 0;
		};
		29CA9CD82D99B87F005E473C /* Sources */ = {
			isa = PBXSourcesBuildPhase;
			buildActionMask = 2147483647;
			files = (
			);
			runOnlyForDeploymentPostprocessing = 0;
		};
		29CA9CE22D99B87F005E473C /* Sources */ = {
			isa = PBXSourcesBuildPhase;
			buildActionMask = 2147483647;
			files = (
			);
			runOnlyForDeploymentPostprocessing = 0;
		};
/* End PBXSourcesBuildPhase section */

/* Begin PBXTargetDependency section */
		29CA9CDE2D99B87F005E473C /* PBXTargetDependency */ = {
			isa = PBXTargetDependency;
			target = 29CA9CCB2D99B87E005E473C /* Marvel */;
			targetProxy = 29CA9CDD2D99B87F005E473C /* PBXContainerItemProxy */;
		};
		29CA9CE82D99B87F005E473C /* PBXTargetDependency */ = {
			isa = PBXTargetDependency;
			target = 29CA9CCB2D99B87E005E473C /* Marvel */;
			targetProxy = 29CA9CE72D99B87F005E473C /* PBXContainerItemProxy */;
		};
/* End PBXTargetDependency section */

/* Begin XCBuildConfiguration section */
		29CA9CEE2D99B87F005E473C /* Debug */ = {
			isa = XCBuildConfiguration;
			buildSettings = {
				ALWAYS_SEARCH_USER_PATHS = NO;
				ASSETCATALOG_COMPILER_GENERATE_SWIFT_ASSET_SYMBOL_EXTENSIONS = YES;
				CLANG_ANALYZER_NONNULL = YES;
				CLANG_ANALYZER_NUMBER_OBJECT_CONVERSION = YES_AGGRESSIVE;
				CLANG_CXX_LANGUAGE_STANDARD = "gnu++20";
				CLANG_ENABLE_MODULES = YES;
				CLANG_ENABLE_OBJC_ARC = YES;
				CLANG_ENABLE_OBJC_WEAK = YES;
				CLANG_WARN_BLOCK_CAPTURE_AUTORELEASING = YES;
				CLANG_WARN_BOOL_CONVERSION = YES;
				CLANG_WARN_COMMA = YES;
				CLANG_WARN_CONSTANT_CONVERSION = YES;
				CLANG_WARN_DEPRECATED_OBJC_IMPLEMENTATIONS = YES;
				CLANG_WARN_DIRECT_OBJC_ISA_USAGE = YES_ERROR;
				CLANG_WARN_DOCUMENTATION_COMMENTS = YES;
				CLANG_WARN_EMPTY_BODY = YES;
				CLANG_WARN_ENUM_CONVERSION = YES;
				CLANG_WARN_INFINITE_RECURSION = YES;
				CLANG_WARN_INT_CONVERSION = YES;
				CLANG_WARN_NON_LITERAL_NULL_CONVERSION = YES;
				CLANG_WARN_OBJC_IMPLICIT_RETAIN_SELF = YES;
				CLANG_WARN_OBJC_LITERAL_CONVERSION = YES;
				CLANG_WARN_OBJC_ROOT_CLASS = YES_ERROR;
				CLANG_WARN_QUOTED_INCLUDE_IN_FRAMEWORK_HEADER = YES;
				CLANG_WARN_RANGE_LOOP_ANALYSIS = YES;
				CLANG_WARN_STRICT_PROTOTYPES = YES;
				CLANG_WARN_SUSPICIOUS_MOVE = YES;
				CLANG_WARN_UNGUARDED_AVAILABILITY = YES_AGGRESSIVE;
				CLANG_WARN_UNREACHABLE_CODE = YES;
				CLANG_WARN__DUPLICATE_METHOD_MATCH = YES;
				COPY_PHASE_STRIP = NO;
				DEBUG_INFORMATION_FORMAT = dwarf;
				ENABLE_STRICT_OBJC_MSGSEND = YES;
				ENABLE_TESTABILITY = YES;
				ENABLE_USER_SCRIPT_SANDBOXING = YES;
				GCC_C_LANGUAGE_STANDARD = gnu17;
				GCC_DYNAMIC_NO_PIC = NO;
				GCC_NO_COMMON_BLOCKS = YES;
				GCC_OPTIMIZATION_LEVEL = 0;
				GCC_PREPROCESSOR_DEFINITIONS = (
					"DEBUG=1",
					"$(inherited)",
				);
				GCC_WARN_64_TO_32_BIT_CONVERSION = YES;
				GCC_WARN_ABOUT_RETURN_TYPE = YES_ERROR;
				GCC_WARN_UNDECLARED_SELECTOR = YES;
				GCC_WARN_UNINITIALIZED_AUTOS = YES_AGGRESSIVE;
				GCC_WARN_UNUSED_FUNCTION = YES;
				GCC_WARN_UNUSED_VARIABLE = YES;
				IPHONEOS_DEPLOYMENT_TARGET = 18.2;
				LOCALIZATION_PREFERS_STRING_CATALOGS = YES;
				MTL_ENABLE_DEBUG_INFO = INCLUDE_SOURCE;
				MTL_FAST_MATH = YES;
				ONLY_ACTIVE_ARCH = YES;
				SDKROOT = iphoneos;
				SWIFT_ACTIVE_COMPILATION_CONDITIONS = "DEBUG $(inherited)";
				SWIFT_OPTIMIZATION_LEVEL = "-Onone";
			};
			name = Debug;
		};
		29CA9CEF2D99B87F005E473C /* Release */ = {
			isa = XCBuildConfiguration;
			buildSettings = {
				ALWAYS_SEARCH_USER_PATHS = NO;
				ASSETCATALOG_COMPILER_GENERATE_SWIFT_ASSET_SYMBOL_EXTENSIONS = YES;
				CLANG_ANALYZER_NONNULL = YES;
				CLANG_ANALYZER_NUMBER_OBJECT_CONVERSION = YES_AGGRESSIVE;
				CLANG_CXX_LANGUAGE_STANDARD = "gnu++20";
				CLANG_ENABLE_MODULES = YES;
				CLANG_ENABLE_OBJC_ARC = YES;
				CLANG_ENABLE_OBJC_WEAK = YES;
				CLANG_WARN_BLOCK_CAPTURE_AUTORELEASING = YES;
				CLANG_WARN_BOOL_CONVERSION = YES;
				CLANG_WARN_COMMA = YES;
				CLANG_WARN_CONSTANT_CONVERSION = YES;
				CLANG_WARN_DEPRECATED_OBJC_IMPLEMENTATIONS = YES;
				CLANG_WARN_DIRECT_OBJC_ISA_USAGE = YES_ERROR;
				CLANG_WARN_DOCUMENTATION_COMMENTS = YES;
				CLANG_WARN_EMPTY_BODY = YES;
				CLANG_WARN_ENUM_CONVERSION = YES;
				CLANG_WARN_INFINITE_RECURSION = YES;
				CLANG_WARN_INT_CONVERSION = YES;
				CLANG_WARN_NON_LITERAL_NULL_CONVERSION = YES;
				CLANG_WARN_OBJC_IMPLICIT_RETAIN_SELF = YES;
				CLANG_WARN_OBJC_LITERAL_CONVERSION = YES;
				CLANG_WARN_OBJC_ROOT_CLASS = YES_ERROR;
				CLANG_WARN_QUOTED_INCLUDE_IN_FRAMEWORK_HEADER = YES;
				CLANG_WARN_RANGE_LOOP_ANALYSIS = YES;
				CLANG_WARN_STRICT_PROTOTYPES = YES;
				CLANG_WARN_SUSPICIOUS_MOVE = YES;
				CLANG_WARN_UNGUARDED_AVAILABILITY = YES_AGGRESSIVE;
				CLANG_WARN_UNREACHABLE_CODE = YES;
				CLANG_WARN__DUPLICATE_METHOD_MATCH = YES;
				COPY_PHASE_STRIP = NO;
				DEBUG_INFORMATION_FORMAT = "dwarf-with-dsym";
				ENABLE_NS_ASSERTIONS = NO;
				ENABLE_STRICT_OBJC_MSGSEND = YES;
				ENABLE_USER_SCRIPT_SANDBOXING = YES;
				GCC_C_LANGUAGE_STANDARD = gnu17;
				GCC_NO_COMMON_BLOCKS = YES;
				GCC_WARN_64_TO_32_BIT_CONVERSION = YES;
				GCC_WARN_ABOUT_RETURN_TYPE = YES_ERROR;
				GCC_WARN_UNDECLARED_SELECTOR = YES;
				GCC_WARN_UNINITIALIZED_AUTOS = YES_AGGRESSIVE;
				GCC_WARN_UNUSED_FUNCTION = YES;
				GCC_WARN_UNUSED_VARIABLE = YES;
				IPHONEOS_DEPLOYMENT_TARGET = 18.2;
				LOCALIZATION_PREFERS_STRING_CATALOGS = YES;
				MTL_ENABLE_DEBUG_INFO = NO;
				MTL_FAST_MATH = YES;
				SDKROOT = iphoneos;
				SWIFT_COMPILATION_MODE = wholemodule;
				VALIDATE_PRODUCT = YES;
			};
			name = Release;
		};
		29CA9CF12D99B87F005E473C /* Debug */ = {
			isa = XCBuildConfiguration;
			buildSettings = {
				ASSETCATALOG_COMPILER_APPICON_NAME = AppIcon;
				ASSETCATALOG_COMPILER_GLOBAL_ACCENT_COLOR_NAME = AccentColor;
				CODE_SIGN_STYLE = Automatic;
				CURRENT_PROJECT_VERSION = 1;
				DEVELOPMENT_ASSET_PATHS = "\"Marvel/Preview Content\"";
				DEVELOPMENT_TEAM = RR93ZA7D55;
				ENABLE_PREVIEWS = YES;
				GENERATE_INFOPLIST_FILE = YES;
				INFOPLIST_FILE = Marvel/Info.plist;
				INFOPLIST_KEY_UIApplicationSceneManifest_Generation = YES;
				INFOPLIST_KEY_UIApplicationSupportsIndirectInputEvents = YES;
				INFOPLIST_KEY_UILaunchScreen_Generation = YES;
				INFOPLIST_KEY_UISupportedInterfaceOrientations_iPad = "UIInterfaceOrientationPortrait UIInterfaceOrientationPortraitUpsideDown UIInterfaceOrientationLandscapeLeft UIInterfaceOrientationLandscapeRight";
				INFOPLIST_KEY_UISupportedInterfaceOrientations_iPhone = "UIInterfaceOrientationPortrait UIInterfaceOrientationLandscapeLeft UIInterfaceOrientationLandscapeRight";
				LD_RUNPATH_SEARCH_PATHS = (
					"$(inherited)",
					"@executable_path/Frameworks",
				);
				MARKETING_VERSION = 1.0;
				PRODUCT_BUNDLE_IDENTIFIER = com.sdbt.Marvel;
				PRODUCT_NAME = "$(TARGET_NAME)";
				SWIFT_EMIT_LOC_STRINGS = YES;
				SWIFT_VERSION = 5.0;
				TARGETED_DEVICE_FAMILY = "1,2";
			};
			name = Debug;
		};
		29CA9CF22D99B87F005E473C /* Release */ = {
			isa = XCBuildConfiguration;
			buildSettings = {
				ASSETCATALOG_COMPILER_APPICON_NAME = AppIcon;
				ASSETCATALOG_COMPILER_GLOBAL_ACCENT_COLOR_NAME = AccentColor;
				CODE_SIGN_STYLE = Automatic;
				CURRENT_PROJECT_VERSION = 1;
				DEVELOPMENT_ASSET_PATHS = "\"Marvel/Preview Content\"";
				DEVELOPMENT_TEAM = RR93ZA7D55;
				ENABLE_PREVIEWS = YES;
				GENERATE_INFOPLIST_FILE = YES;
				INFOPLIST_FILE = Marvel/Info.plist;
				INFOPLIST_KEY_UIApplicationSceneManifest_Generation = YES;
				INFOPLIST_KEY_UIApplicationSupportsIndirectInputEvents = YES;
				INFOPLIST_KEY_UILaunchScreen_Generation = YES;
				INFOPLIST_KEY_UISupportedInterfaceOrientations_iPad = "UIInterfaceOrientationPortrait UIInterfaceOrientationPortraitUpsideDown UIInterfaceOrientationLandscapeLeft UIInterfaceOrientationLandscapeRight";
				INFOPLIST_KEY_UISupportedInterfaceOrientations_iPhone = "UIInterfaceOrientationPortrait UIInterfaceOrientationLandscapeLeft UIInterfaceOrientationLandscapeRight";
				LD_RUNPATH_SEARCH_PATHS = (
					"$(inherited)",
					"@executable_path/Frameworks",
				);
				MARKETING_VERSION = 1.0;
				PRODUCT_BUNDLE_IDENTIFIER = com.sdbt.Marvel;
				PRODUCT_NAME = "$(TARGET_NAME)";
				SWIFT_EMIT_LOC_STRINGS = YES;
				SWIFT_VERSION = 5.0;
				TARGETED_DEVICE_FAMILY = "1,2";
			};
			name = Release;
		};
		29CA9CF42D99B87F005E473C /* Debug */ = {
			isa = XCBuildConfiguration;
			buildSettings = {
				BUNDLE_LOADER = "$(TEST_HOST)";
				CODE_SIGN_STYLE = Automatic;
				CURRENT_PROJECT_VERSION = 1;
				DEVELOPMENT_TEAM = RR93ZA7D55;
				GENERATE_INFOPLIST_FILE = YES;
				IPHONEOS_DEPLOYMENT_TARGET = 18.2;
				MARKETING_VERSION = 1.0;
				PRODUCT_BUNDLE_IDENTIFIER = com.sdbt.MarvelTests;
				PRODUCT_NAME = "$(TARGET_NAME)";
				SWIFT_EMIT_LOC_STRINGS = NO;
				SWIFT_VERSION = 5.0;
				TARGETED_DEVICE_FAMILY = "1,2";
				TEST_HOST = "$(BUILT_PRODUCTS_DIR)/Marvel.app/$(BUNDLE_EXECUTABLE_FOLDER_PATH)/Marvel";
			};
			name = Debug;
		};
		29CA9CF52D99B87F005E473C /* Release */ = {
			isa = XCBuildConfiguration;
			buildSettings = {
				BUNDLE_LOADER = "$(TEST_HOST)";
				CODE_SIGN_STYLE = Automatic;
				CURRENT_PROJECT_VERSION = 1;
				DEVELOPMENT_TEAM = RR93ZA7D55;
				GENERATE_INFOPLIST_FILE = YES;
				IPHONEOS_DEPLOYMENT_TARGET = 18.2;
				MARKETING_VERSION = 1.0;
				PRODUCT_BUNDLE_IDENTIFIER = com.sdbt.MarvelTests;
				PRODUCT_NAME = "$(TARGET_NAME)";
				SWIFT_EMIT_LOC_STRINGS = NO;
				SWIFT_VERSION = 5.0;
				TARGETED_DEVICE_FAMILY = "1,2";
				TEST_HOST = "$(BUILT_PRODUCTS_DIR)/Marvel.app/$(BUNDLE_EXECUTABLE_FOLDER_PATH)/Marvel";
			};
			name = Release;
		};
		29CA9CF72D99B87F005E473C /* Debug */ = {
			isa = XCBuildConfiguration;
			buildSettings = {
				CODE_SIGN_STYLE = Automatic;
				CURRENT_PROJECT_VERSION = 1;
				DEVELOPMENT_TEAM = RR93ZA7D55;
				GENERATE_INFOPLIST_FILE = YES;
				MARKETING_VERSION = 1.0;
				PRODUCT_BUNDLE_IDENTIFIER = com.sdbt.MarvelUITests;
				PRODUCT_NAME = "$(TARGET_NAME)";
				SWIFT_EMIT_LOC_STRINGS = NO;
				SWIFT_VERSION = 5.0;
				TARGETED_DEVICE_FAMILY = "1,2";
				TEST_TARGET_NAME = Marvel;
			};
			name = Debug;
		};
		29CA9CF82D99B87F005E473C /* Release */ = {
			isa = XCBuildConfiguration;
			buildSettings = {
				CODE_SIGN_STYLE = Automatic;
				CURRENT_PROJECT_VERSION = 1;
				DEVELOPMENT_TEAM = RR93ZA7D55;
				GENERATE_INFOPLIST_FILE = YES;
				MARKETING_VERSION = 1.0;
				PRODUCT_BUNDLE_IDENTIFIER = com.sdbt.MarvelUITests;
				PRODUCT_NAME = "$(TARGET_NAME)";
				SWIFT_EMIT_LOC_STRINGS = NO;
				SWIFT_VERSION = 5.0;
				TARGETED_DEVICE_FAMILY = "1,2";
				TEST_TARGET_NAME = Marvel;
			};
			name = Release;
		};
/* End XCBuildConfiguration section */

/* Begin XCConfigurationList section */
		29CA9CC72D99B87E005E473C /* Build configuration list for PBXProject "Marvel" */ = {
			isa = XCConfigurationList;
			buildConfigurations = (
				29CA9CEE2D99B87F005E473C /* Debug */,
				29CA9CEF2D99B87F005E473C /* Release */,
			);
			defaultConfigurationIsVisible = 0;
			defaultConfigurationName = Release;
		};
		29CA9CF02D99B87F005E473C /* Build configuration list for PBXNativeTarget "Marvel" */ = {
			isa = XCConfigurationList;
			buildConfigurations = (
				29CA9CF12D99B87F005E473C /* Debug */,
				29CA9CF22D99B87F005E473C /* Release */,
			);
			defaultConfigurationIsVisible = 0;
			defaultConfigurationName = Release;
		};
		29CA9CF32D99B87F005E473C /* Build configuration list for PBXNativeTarget "MarvelTests" */ = {
			isa = XCConfigurationList;
			buildConfigurations = (
				29CA9CF42D99B87F005E473C /* Debug */,
				29CA9CF52D99B87F005E473C /* Release */,
			);
			defaultConfigurationIsVisible = 0;
			defaultConfigurationName = Release;
		};
		29CA9CF62D99B87F005E473C /* Build configuration list for PBXNativeTarget "MarvelUITests" */ = {
			isa = XCConfigurationList;
			buildConfigurations = (
				29CA9CF72D99B87F005E473C /* Debug */,
				29CA9CF82D99B87F005E473C /* Release */,
			);
			defaultConfigurationIsVisible = 0;
			defaultConfigurationName = Release;
		};
/* End XCConfigurationList section */

/* Begin XCLocalSwiftPackageReference section */
		29CA9CF92D99B898005E473C /* XCLocalSwiftPackageReference "../Packages/Domain" */ = {
			isa = XCLocalSwiftPackageReference;
			relativePath = ../Packages/Domain;
		};
		29CA9CFE2D99B8CA005E473C /* XCLocalSwiftPackageReference "../Packages/Composition" */ = {
			isa = XCLocalSwiftPackageReference;
			relativePath = ../Packages/Composition;
		};
/* End XCLocalSwiftPackageReference section */

/* Begin XCRemoteSwiftPackageReference section */
		29CA9D1A2D99C375005E473C /* XCRemoteSwiftPackageReference "Kingfisher" */ = {
			isa = XCRemoteSwiftPackageReference;
			repositoryURL = "https://github.com/onevcat/Kingfisher.git";
			requirement = {
				kind = upToNextMajorVersion;
				minimumVersion = 8.3.1;
			};
		};
/* End XCRemoteSwiftPackageReference section */

/* Begin XCSwiftPackageProductDependency section */
		292441D12D9A8F6700916A81 /* Domain */ = {
			isa = XCSwiftPackageProductDependency;
			package = 29CA9CF92D99B898005E473C /* XCLocalSwiftPackageReference "../Packages/Domain" */;
			productName = Domain;
		};
		292441D32D9A8F6700916A81 /* Composition */ = {
			isa = XCSwiftPackageProductDependency;
			package = 29CA9CFE2D99B8CA005E473C /* XCLocalSwiftPackageReference "../Packages/Composition" */;
			productName = Composition;
		};
		29CA9CFA2D99B898005E473C /* Domain */ = {
			isa = XCSwiftPackageProductDependency;
			productName = Domain;
		};
		29CA9CFC2D99B8A8005E473C /* Composition */ = {
			isa = XCSwiftPackageProductDependency;
			productName = Composition;
		};
		29CA9CFF2D99B8CA005E473C /* Composition */ = {
			isa = XCSwiftPackageProductDependency;
			productName = Composition;
		};
		29CA9D1B2D99C375005E473C /* Kingfisher */ = {
			isa = XCSwiftPackageProductDependency;
			package = 29CA9D1A2D99C375005E473C /* XCRemoteSwiftPackageReference "Kingfisher" */;
			productName = Kingfisher;
		};
/* End XCSwiftPackageProductDependency section */
	};
	rootObject = 29CA9CC42D99B87E005E473C /* Project object */;
}
